# This file is automatically @generated by Poetry 1.6.1 and should not be changed by hand.

[[package]]
name = "codetiming"
version = "1.4.0"
description = "A flexible, customizable timer for your Python code."
optional = false
python-versions = ">=3.6"
files = [
    {file = "codetiming-1.4.0-py3-none-any.whl", hash = "sha256:3b80f409bef00941a9755c5524071ce2f72eaa4520f4bc35b33869cde024ccbd"},
    {file = "codetiming-1.4.0.tar.gz", hash = "sha256:4937bf913a2814258b87eaaa43d9a1bb24711ffd3557a9ab6934fa1fe3ba0dbc"},
]

[package.extras]
dev = ["black", "bump2version", "flake8", "flit", "interrogate", "isort", "mypy"]
test = ["black", "interrogate", "pytest", "pytest-cov", "tox"]

[[package]]
name = "py4j"
version = "0.10.9.5"
description = "Enables Python programs to dynamically access arbitrary Java objects"
optional = false
python-versions = "*"
files = [
    {file = "py4j-0.10.9.5-py2.py3-none-any.whl", hash = "sha256:52d171a6a2b031d8a5d1de6efe451cf4f5baff1a2819aabc3741c8406539ba04"},
    {file = "py4j-0.10.9.5.tar.gz", hash = "sha256:276a4a3c5a2154df1860ef3303a927460e02e97b047dc0a47c1c3fb8cce34db6"},
]

[[package]]
name = "pyspark"
version = "3.3.0"
description = "Apache Spark Python API"
optional = false
python-versions = ">=3.7"
files = [
    {file = "pyspark-3.3.0.tar.gz", hash = "sha256:7ebe8e9505647b4d124d5a82fca60dfd3891021cf8ad6c5ec88777eeece92cf7"},
]

[package.dependencies]
py4j = "0.10.9.5"

[package.extras]
ml = ["numpy (>=1.15)"]
mllib = ["numpy (>=1.15)"]
pandas-on-spark = ["numpy (>=1.15)", "pandas (>=1.0.5)", "pyarrow (>=1.0.0)"]
sql = ["pandas (>=1.0.5)", "pyarrow (>=1.0.0)"]

[metadata]
lock-version = "2.0"
python-versions = "^3.9"
content-hash = "8bfadc65ed48f0d01b446357d0199925ae61026f0e9f4bb3b3e08f567984fe02"
